
Microsoft Visual Studio Solution File, Format Version 12.00
# Visual Studio Version 16
VisualStudioVersion = 16.0.31205.134
MinimumVisualStudioVersion = 10.0.40219.1
Project("{9A19103F-16F7-4668-BE54-9A1E7A4F7556}") = "Demo.Test.Integration", "Demo.Test.Integration\Demo.Test.Integration.csproj", "{A2CB6F85-055E-44FB-9FB9-202C1C096DB1}"
EndProject
Global
	GlobalSection(SolutionConfigurationPlatforms) = preSolution
		Debug|Any CPU = Debug|Any CPU
		Release|Any CPU = Release|Any CPU
	EndGlobalSection
	GlobalSection(ProjectConfigurationPlatforms) = postSolution
		{A2CB6F85-055E-44FB-9FB9-202C1C096DB1}.Debug|Any CPU.ActiveCfg = Debug|Any CPU
		{A2CB6F85-055E-44FB-9FB9-202C1C096DB1}.Debug|Any CPU.Build.0 = Debug|Any CPU
		{A2CB6F85-055E-44FB-9FB9-202C1C096DB1}.Release|Any CPU.ActiveCfg = Release|Any CPU
		{A2CB6F85-055E-44FB-9FB9-202C1C096DB1}.Release|Any CPU.Build.0 = Release|Any CPU
	EndGlobalSection
	GlobalSection(SolutionProperties) = preSolution
		HideSolutionNode = FALSE
	EndGlobalSection
	GlobalSection(ExtensibilityGlobals) = postSolution
		SolutionGuid = {AEE6252E-E88E-4C9C-8C65-E2E3979451C4}
	EndGlobalSection
EndGlobal
